# This file is automatically @generated by Cargo.
# It is not intended for manual editing.
version = 4

[[package]]
name = "bitflags"
version = "2.11.0"
source = "registry+https://github.com/rust-lang/crates.io-index"
checksum = "843867be96c8daad0d758b57df9392b6d8d271134fce549de6ce169ff98a92af"

[[package]]
name = "iter_seq_ext"
version = "0.1.0"
source = "registry+https://github.com/rust-lang/crates.io-index"
checksum = "3421a12e4252cbbd6b747d92d1afdd06577dbb90d6ce22c87de85c4a22981e60"

[[package]]
name = "memchr"
version = "2.8.0"
source = "registry+https://github.com/rust-lang/crates.io-index"
checksum = "f8ca58f447f06ed17d5fc4043ce1b10dd205e060fb3ce5b979b8ed8e59ff3f79"

[[package]]
name = "proc-macro2"
version = "1.0.106"
source = "registry+https://github.com/rust-lang/crates.io-index"
checksum = "8fd00f0bb2e90d81d1044c2b32617f68fcb9fa3bb7640c23e9c748e53fb30934"
dependencies = [
 "unicode-ident",
]

[[package]]
name = "pulldown-cmark"
version = "0.13.3"
source = "registry+https://github.com/rust-lang/crates.io-index"
checksum = "7c3a14896dfa883796f1cb410461aef38810ea05f2b2c33c5aded3649095fdad"
dependencies = [
 "bitflags",
 "memchr",
 "unicase",
]

[[package]]
name = "pulldown-cmark-to-cmark"
version = "22.0.0"
source = "registry+https://github.com/rust-lang/crates.io-index"
checksum = "50793def1b900256624a709439404384204a5dc3a6ec580281bfaac35e882e90"
dependencies = [
 "pulldown-cmark",
]

[[package]]
name = "quote"
version = "1.0.45"
source = "registry+https://github.com/rust-lang/crates.io-index"
checksum = "41f2619966050689382d2b44f664f4bc593e129785a36d6ee376ddf37259b924"
dependencies = [
 "proc-macro2",
]

[[package]]
name = "rich_range"
version = "0.5.0"
dependencies = [
 "rustdoc_copy",
 "test_panic",
]

[[package]]
name = "rustc_lexer"
version = "0.1.0"
source = "registry+https://github.com/rust-lang/crates.io-index"
checksum = "c86aae0c77166108c01305ee1a36a1e77289d7dc6ca0a3cd91ff4992de2d16a5"
dependencies = [
 "unicode-xid",
]

[[package]]
name = "rustdoc_copy"
version = "0.2.0"
source = "registry+https://github.com/rust-lang/crates.io-index"
checksum = "702e7009fbde2e7f46024ef0a61683004022b12a1df0b94ed3d3e6bf0215ed09"
dependencies = [
 "rustdoc_copy_macro",
]

[[package]]
name = "rustdoc_copy_macro"
version = "0.2.0"
source = "registry+https://github.com/rust-lang/crates.io-index"
checksum = "4aa36f3de7d7bdb1edb166707bc7588828ac92222ba449b98e3d15a0b1ff6461"
dependencies = [
 "iter_seq_ext",
 "proc-macro2",
 "pulldown-cmark",
 "pulldown-cmark-to-cmark",
 "quote",
 "rustc_lexer",
 "syn",
 "unicode-ident",
]

[[package]]
name = "syn"
version = "2.0.117"
source = "registry+https://github.com/rust-lang/crates.io-index"
checksum = "e665b8803e7b1d2a727f4023456bbbbe74da67099c585258af0ad9c5013b9b99"
dependencies = [
 "proc-macro2",
 "quote",
 "unicode-ident",
]

[[package]]
name = "test_panic"
version = "0.8.0"
source = "registry+https://github.com/rust-lang/crates.io-index"
checksum = "6f8735f0fa06582c6d3c30da2e8e9a6b15345c5b7eb36ec2096f8b9d3dd03dc3"

[[package]]
name = "unicase"
version = "2.9.0"
source = "registry+https://github.com/rust-lang/crates.io-index"
checksum = "dbc4bc3a9f746d862c45cb89d705aa10f187bb96c76001afab07a0d35ce60142"

[[package]]
name = "unicode-ident"
version = "1.0.24"
source = "registry+https://github.com/rust-lang/crates.io-index"
checksum = "e6e4313cd5fcd3dad5cafa179702e2b244f760991f45397d14d4ebf38247da75"

[[package]]
name = "unicode-xid"
version = "0.2.6"
source = "registry+https://github.com/rust-lang/crates.io-index"
checksum = "ebc1c04c71510c7f702b52b7c350734c9ff1295c464a03335b00bb84fc54f853"
